Microsoft Visual Studio Solution File, Format Version 12.00
# Visual Studio Version 17
VisualStudioVersion = 17.5.2.0
MinimumVisualStudioVersion = 10.0.40219.1
Project("{FAE04EC0-301F-11D3-BF4B-00C04F79EFBC}") = "prog-parcial", "prog-parcial.csproj", "{547CA90A-918C-54B5-8468-D785B1814CDD}"
EndProject
Global
	GlobalSection(SolutionConfigurationPlatforms) = preSolution
		Debug|Any CPU = Debug|Any CPU
		Release|Any CPU = Release|Any CPU
	EndGlobalSection
	GlobalSection(ProjectConfigurationPlatforms) = postSolution
		{547CA90A-918C-54B5-8468-D785B1814CDD}.Debug|Any CPU.ActiveCfg = Debug|Any CPU
		{547CA90A-918C-54B5-8468-D785B1814CDD}.Debug|Any CPU.Build.0 = Debug|Any CPU
		{547CA90A-918C-54B5-8468-D785B1814CDD}.Release|Any CPU.ActiveCfg = Release|Any CPU
		{547CA90A-918C-54B5-8468-D785B1814CDD}.Release|Any CPU.Build.0 = Release|Any CPU
	EndGlobalSection
	GlobalSection(SolutionProperties) = preSolution
		HideSolutionNode = FALSE
	EndGlobalSection
	GlobalSection(ExtensibilityGlobals) = postSolution
		SolutionGuid = {F9D6FAA4-035B-4AAE-A558-DD0E9AE17C99}
	EndGlobalSection
EndGlobal
